
Microsoft Visual Studio Solution File, Format Version 12.00
# Visual Studio Version 16
VisualStudioVersion = 16.0.32106.194
MinimumVisualStudioVersion = 10.0.40219.1
Project("{FAE04EC0-301F-11D3-BF4B-00C04F79EFBC}") = "DataGridViewExample", "DataGridViewExample\DataGridViewExample.csproj", "{283EE79A-B3B9-47C6-B22D-983607E5C4B6}"
EndProject
Global
	GlobalSection(SolutionConfigurationPlatforms) = preSolution
		Debug|Any CPU = Debug|Any CPU
		Release|Any CPU = Release|Any CPU
	EndGlobalSection
	GlobalSection(ProjectConfigurationPlatforms) = postSolution
		{283EE79A-B3B9-47C6-B22D-983607E5C4B6}.Debug|Any CPU.ActiveCfg = Debug|Any CPU
		{283EE79A-B3B9-47C6-B22D-983607E5C4B6}.Debug|Any CPU.Build.0 = Debug|Any CPU
		{283EE79A-B3B9-47C6-B22D-983607E5C4B6}.Release|Any CPU.ActiveCfg = Release|Any CPU
		{283EE79A-B3B9-47C6-B22D-983607E5C4B6}.Release|Any CPU.Build.0 = Release|Any CPU
	EndGlobalSection
	GlobalSection(SolutionProperties) = preSolution
		HideSolutionNode = FALSE
	EndGlobalSection
	GlobalSection(ExtensibilityGlobals) = postSolution
		SolutionGuid = {AD167AD9-0D1E-4887-9478-407A01E836D2}
	EndGlobalSection
EndGlobal
