
Microsoft Visual Studio Solution File, Format Version 12.00
# Visual Studio Version 16
VisualStudioVersion = 16.0.32106.194
MinimumVisualStudioVersion = 10.0.40219.1
Project("{FAE04EC0-301F-11D3-BF4B-00C04F79EFBC}") = "CreatingDataTable", "CreatingDataTable\CreatingDataTable.csproj", "{E3EC9821-1202-4851-8D15-E7E056DF03AB}"
EndProject
Global
	GlobalSection(SolutionConfigurationPlatforms) = preSolution
		Debug|Any CPU = Debug|Any CPU
		Release|Any CPU = Release|Any CPU
	EndGlobalSection
	GlobalSection(ProjectConfigurationPlatforms) = postSolution
		{E3EC9821-1202-4851-8D15-E7E056DF03AB}.Debug|Any CPU.ActiveCfg = Debug|Any CPU
		{E3EC9821-1202-4851-8D15-E7E056DF03AB}.Debug|Any CPU.Build.0 = Debug|Any CPU
		{E3EC9821-1202-4851-8D15-E7E056DF03AB}.Release|Any CPU.ActiveCfg = Release|Any CPU
		{E3EC9821-1202-4851-8D15-E7E056DF03AB}.Release|Any CPU.Build.0 = Release|Any CPU
	EndGlobalSection
	GlobalSection(SolutionProperties) = preSolution
		HideSolutionNode = FALSE
	EndGlobalSection
	GlobalSection(ExtensibilityGlobals) = postSolution
		SolutionGuid = {3E057BC0-BB70-4D0D-A6D4-4B9A030E1262}
	EndGlobalSection
EndGlobal
