
Microsoft Visual Studio Solution File, Format Version 12.00
# Visual Studio Version 16
VisualStudioVersion = 16.0.32106.194
MinimumVisualStudioVersion = 10.0.40219.1
Project("{FAE04EC0-301F-11D3-BF4B-00C04F79EFBC}") = "DataAdapterWizard", "DataAdapterWizard\DataAdapterWizard.csproj", "{74D2233B-DADE-46AF-94C1-A82D5BDBA0DA}"
EndProject
Global
	GlobalSection(SolutionConfigurationPlatforms) = preSolution
		Debug|Any CPU = Debug|Any CPU
		Release|Any CPU = Release|Any CPU
	EndGlobalSection
	GlobalSection(ProjectConfigurationPlatforms) = postSolution
		{74D2233B-DADE-46AF-94C1-A82D5BDBA0DA}.Debug|Any CPU.ActiveCfg = Debug|Any CPU
		{74D2233B-DADE-46AF-94C1-A82D5BDBA0DA}.Debug|Any CPU.Build.0 = Debug|Any CPU
		{74D2233B-DADE-46AF-94C1-A82D5BDBA0DA}.Release|Any CPU.ActiveCfg = Release|Any CPU
		{74D2233B-DADE-46AF-94C1-A82D5BDBA0DA}.Release|Any CPU.Build.0 = Release|Any CPU
	EndGlobalSection
	GlobalSection(SolutionProperties) = preSolution
		HideSolutionNode = FALSE
	EndGlobalSection
	GlobalSection(ExtensibilityGlobals) = postSolution
		SolutionGuid = {09AAF90D-EE10-45BC-94FF-5F9D140A4FA1}
	EndGlobalSection
EndGlobal
